
Microsoft Visual Studio Solution File, Format Version 12.00
# Visual Studio Version 17
VisualStudioVersion = 17.6.33712.159
MinimumVisualStudioVersion = 10.0.40219.1
Project("{9A19103F-16F7-4668-BE54-9A1E7A4F7556}") = "General Learning", "General Learning\General Learning.csproj", "{597CEFCD-9157-432A-A3A4-7AF109EA2008}"
EndProject
Project("{FAE04EC0-301F-11D3-BF4B-00C04F79EFBC}") = "Amazon", "Amazon\Amazon.csproj", "{1D2A4563-E35B-4E74-989D-ED37B6834D5B}"
EndProject
Global
	GlobalSection(SolutionConfigurationPlatforms) = preSolution
		Debug|Any CPU = Debug|Any CPU
		Release|Any CPU = Release|Any CPU
	EndGlobalSection
	GlobalSection(ProjectConfigurationPlatforms) = postSolution
		{597CEFCD-9157-432A-A3A4-7AF109EA2008}.Debug|Any CPU.ActiveCfg = Debug|Any CPU
		{597CEFCD-9157-432A-A3A4-7AF109EA2008}.Debug|Any CPU.Build.0 = Debug|Any CPU
		{597CEFCD-9157-432A-A3A4-7AF109EA2008}.Release|Any CPU.ActiveCfg = Release|Any CPU
		{597CEFCD-9157-432A-A3A4-7AF109EA2008}.Release|Any CPU.Build.0 = Release|Any CPU
		{1D2A4563-E35B-4E74-989D-ED37B6834D5B}.Debug|Any CPU.ActiveCfg = Debug|Any CPU
		{1D2A4563-E35B-4E74-989D-ED37B6834D5B}.Debug|Any CPU.Build.0 = Debug|Any CPU
		{1D2A4563-E35B-4E74-989D-ED37B6834D5B}.Release|Any CPU.ActiveCfg = Release|Any CPU
		{1D2A4563-E35B-4E74-989D-ED37B6834D5B}.Release|Any CPU.Build.0 = Release|Any CPU
	EndGlobalSection
	GlobalSection(SolutionProperties) = preSolution
		HideSolutionNode = FALSE
	EndGlobalSection
	GlobalSection(ExtensibilityGlobals) = postSolution
		SolutionGuid = {4E8C0E80-3A75-4763-9BC2-E477CAB7F38D}
	EndGlobalSection
EndGlobal
