
Microsoft Visual Studio Solution File, Format Version 12.00
# Visual Studio Version 17
VisualStudioVersion = 17.6.33712.159
MinimumVisualStudioVersion = 10.0.40219.1
Project("{FAE04EC0-301F-11D3-BF4B-00C04F79EFBC}") = "HelloWorld", "HelloWorld\HelloWorld.csproj", "{9BAD56BA-7495-436E-B358-660676CEEEA7}"
EndProject
Global
	GlobalSection(SolutionConfigurationPlatforms) = preSolution
		Debug|Any CPU = Debug|Any CPU
		Release|Any CPU = Release|Any CPU
	EndGlobalSection
	GlobalSection(ProjectConfigurationPlatforms) = postSolution
		{9BAD56BA-7495-436E-B358-660676CEEEA7}.Debug|Any CPU.ActiveCfg = Debug|Any CPU
		{9BAD56BA-7495-436E-B358-660676CEEEA7}.Debug|Any CPU.Build.0 = Debug|Any CPU
		{9BAD56BA-7495-436E-B358-660676CEEEA7}.Release|Any CPU.ActiveCfg = Release|Any CPU
		{9BAD56BA-7495-436E-B358-660676CEEEA7}.Release|Any CPU.Build.0 = Release|Any CPU
	EndGlobalSection
	GlobalSection(SolutionProperties) = preSolution
		HideSolutionNode = FALSE
	EndGlobalSection
	GlobalSection(ExtensibilityGlobals) = postSolution
		SolutionGuid = {FF6F4ECD-805C-4B8F-9764-D19DBD48DD4E}
	EndGlobalSection
EndGlobal
