
Microsoft Visual Studio Solution File, Format Version 12.00
# Visual Studio Version 17
VisualStudioVersion = 17.6.33712.159
MinimumVisualStudioVersion = 10.0.40219.1
Project("{FAE04EC0-301F-11D3-BF4B-00C04F79EFBC}") = "Net5App", "Net5App\Net5App.csproj", "{B75B3550-6C73-44E9-A9AC-EB878CAC88B7}"
EndProject
Global
	GlobalSection(SolutionConfigurationPlatforms) = preSolution
		Debug|Any CPU = Debug|Any CPU
		Release|Any CPU = Release|Any CPU
	EndGlobalSection
	GlobalSection(ProjectConfigurationPlatforms) = postSolution
		{B75B3550-6C73-44E9-A9AC-EB878CAC88B7}.Debug|Any CPU.ActiveCfg = Debug|Any CPU
		{B75B3550-6C73-44E9-A9AC-EB878CAC88B7}.Debug|Any CPU.Build.0 = Debug|Any CPU
		{B75B3550-6C73-44E9-A9AC-EB878CAC88B7}.Release|Any CPU.ActiveCfg = Release|Any CPU
		{B75B3550-6C73-44E9-A9AC-EB878CAC88B7}.Release|Any CPU.Build.0 = Release|Any CPU
	EndGlobalSection
	GlobalSection(SolutionProperties) = preSolution
		HideSolutionNode = FALSE
	EndGlobalSection
	GlobalSection(ExtensibilityGlobals) = postSolution
		SolutionGuid = {C92A8434-98C0-43A2-ADBE-37081654BBF2}
	EndGlobalSection
EndGlobal
