
Microsoft Visual Studio Solution File, Format Version 12.00
# Visual Studio Version 17
VisualStudioVersion = 17.6.33712.159
MinimumVisualStudioVersion = 10.0.40219.1
Project("{FAE04EC0-301F-11D3-BF4B-00C04F79EFBC}") = "LinqToSQL", "LinqToSQL\LinqToSQL.csproj", "{A39391A0-7DCA-4787-98E4-765B360DB0E4}"
EndProject
Global
	GlobalSection(SolutionConfigurationPlatforms) = preSolution
		Debug|Any CPU = Debug|Any CPU
		Release|Any CPU = Release|Any CPU
	EndGlobalSection
	GlobalSection(ProjectConfigurationPlatforms) = postSolution
		{A39391A0-7DCA-4787-98E4-765B360DB0E4}.Debug|Any CPU.ActiveCfg = Debug|Any CPU
		{A39391A0-7DCA-4787-98E4-765B360DB0E4}.Debug|Any CPU.Build.0 = Debug|Any CPU
		{A39391A0-7DCA-4787-98E4-765B360DB0E4}.Release|Any CPU.ActiveCfg = Release|Any CPU
		{A39391A0-7DCA-4787-98E4-765B360DB0E4}.Release|Any CPU.Build.0 = Release|Any CPU
	EndGlobalSection
	GlobalSection(SolutionProperties) = preSolution
		HideSolutionNode = FALSE
	EndGlobalSection
	GlobalSection(ExtensibilityGlobals) = postSolution
		SolutionGuid = {D22204F5-EE68-4B50-AA16-9F09F6596083}
	EndGlobalSection
EndGlobal
