
Microsoft Visual Studio Solution File, Format Version 12.00
# Visual Studio Version 17
VisualStudioVersion = 17.6.33712.159
MinimumVisualStudioVersion = 10.0.40219.1
Project("{FAE04EC0-301F-11D3-BF4B-00C04F79EFBC}") = "ThreadsIntro", "ThreadsIntro\ThreadsIntro.csproj", "{1A2FE760-928F-460B-A9BB-DE23E082DF48}"
EndProject
Global
	GlobalSection(SolutionConfigurationPlatforms) = preSolution
		Debug|Any CPU = Debug|Any CPU
		Release|Any CPU = Release|Any CPU
	EndGlobalSection
	GlobalSection(ProjectConfigurationPlatforms) = postSolution
		{1A2FE760-928F-460B-A9BB-DE23E082DF48}.Debug|Any CPU.ActiveCfg = Debug|Any CPU
		{1A2FE760-928F-460B-A9BB-DE23E082DF48}.Debug|Any CPU.Build.0 = Debug|Any CPU
		{1A2FE760-928F-460B-A9BB-DE23E082DF48}.Release|Any CPU.ActiveCfg = Release|Any CPU
		{1A2FE760-928F-460B-A9BB-DE23E082DF48}.Release|Any CPU.Build.0 = Release|Any CPU
	EndGlobalSection
	GlobalSection(SolutionProperties) = preSolution
		HideSolutionNode = FALSE
	EndGlobalSection
	GlobalSection(ExtensibilityGlobals) = postSolution
		SolutionGuid = {8AB6B5E0-548F-4D97-8E5F-3ACC11114AFD}
	EndGlobalSection
EndGlobal
